// !$*UTF8*$!
{
	archiveVersion = 1;
	classes = {
	};
	objectVersion = 50;
	objects = {

/* Begin PBXBuildFile section */
		47939AA726836937003D701E /* Extensions.swift in Sources */ = {isa = PBXBuildFile; fileRef = 47939AA626836937003D701E /* Extensions.swift */; };
		47939AAA26837411003D701E /* LoginController.swift in Sources */ = {isa = PBXBuildFile; fileRef = 47939AA926837411003D701E /* LoginController.swift */; };
		47939AAD268374A8003D701E /* RegistrationController.swift in Sources */ = {isa = PBXBuildFile; fileRef = 47939AAC268374A7003D701E /* RegistrationController.swift */; };
		47939AAF2684BC07003D701E /* Utilities.swift in Sources */ = {isa = PBXBuildFile; fileRef = 47939AAE2684BC07003D701E /* Utilities.swift */; };
		47DAD85326826C3A00D1FC05 /* AppDelegate.swift in Sources */ = {isa = PBXBuildFile; fileRef = 47DAD85226826C3A00D1FC05 /* AppDelegate.swift */; };
		47DAD85526826C3A00D1FC05 /* SceneDelegate.swift in Sources */ = {isa = PBXBuildFile; fileRef = 47DAD85426826C3A00D1FC05 /* SceneDelegate.swift */; };
		47DAD85A26826C3A00D1FC05 /* Main.storyboard in Resources */ = {isa = PBXBuildFile; fileRef = 47DAD85826826C3A00D1FC05 /* Main.storyboard */; };
		47DAD85C26826C3B00D1FC05 /* Assets.xcassets in Resources */ = {isa = PBXBuildFile; fileRef = 47DAD85B26826C3B00D1FC05 /* Assets.xcassets */; };
		47DAD85F26826C3B00D1FC05 /* LaunchScreen.storyboard in Resources */ = {isa = PBXBuildFile; fileRef = 47DAD85D26826C3B00D1FC05 /* LaunchScreen.storyboard */; };
		47DAD87026826CFF00D1FC05 /* MainTabController.swift in Sources */ = {isa = PBXBuildFile; fileRef = 47DAD86F26826CFF00D1FC05 /* MainTabController.swift */; };
		47DAD87326826E3500D1FC05 /* FeedController.swift in Sources */ = {isa = PBXBuildFile; fileRef = 47DAD87226826E3500D1FC05 /* FeedController.swift */; };
		47DAD87626826E5400D1FC05 /* ExploreController.swift in Sources */ = {isa = PBXBuildFile; fileRef = 47DAD87526826E5400D1FC05 /* ExploreController.swift */; };
		47DAD87926826E5F00D1FC05 /* NotificationsController.swift in Sources */ = {isa = PBXBuildFile; fileRef = 47DAD87826826E5F00D1FC05 /* NotificationsController.swift */; };
		47DAD87C26826E7200D1FC05 /* ConversationsController.swift in Sources */ = {isa = PBXBuildFile; fileRef = 47DAD87B26826E7200D1FC05 /* ConversationsController.swift */; };
/* End PBXBuildFile section */

/* Begin PBXFileReference section */
		47939AA626836937003D701E /* Extensions.swift */ = {isa = PBXFileReference; lastKnownFileType = sourcecode.swift; path = Extensions.swift; sourceTree = "<group>"; };
		47939AA926837411003D701E /* LoginController.swift */ = {isa = PBXFileReference; lastKnownFileType = sourcecode.swift; path = LoginController.swift; sourceTree = "<group>"; };
		47939AAC268374A7003D701E /* RegistrationController.swift */ = {isa = PBXFileReference; lastKnownFileType = sourcecode.swift; path = RegistrationController.swift; sourceTree = "<group>"; };
		47939AAE2684BC07003D701E /* Utilities.swift */ = {isa = PBXFileReference; lastKnownFileType = sourcecode.swift; path = Utilities.swift; sourceTree = "<group>"; };
		47DAD84F26826C3A00D1FC05 /* TwitterTutorial.app */ = {isa = PBXFileReference; explicitFileType = wrapper.application; includeInIndex = 0; path = TwitterTutorial.app; sourceTree = BUILT_PRODUCTS_DIR; };
		47DAD85226826C3A00D1FC05 /* AppDelegate.swift */ = {isa = PBXFileReference; lastKnownFileType = sourcecode.swift; path = AppDelegate.swift; sourceTree = "<group>"; };
		47DAD85426826C3A00D1FC05 /* SceneDelegate.swift */ = {isa = PBXFileReference; lastKnownFileType = sourcecode.swift; path = SceneDelegate.swift; sourceTree = "<group>"; };
		47DAD85926826C3A00D1FC05 /* Base */ = {isa = PBXFileReference; lastKnownFileType = file.storyboard; name = Base; path = Base.lproj/Main.storyboard; sourceTree = "<group>"; };
		47DAD85B26826C3B00D1FC05 /* Assets.xcassets */ = {isa = PBXFileReference; lastKnownFileType = folder.assetcatalog; path = Assets.xcassets; sourceTree = "<group>"; };
		47DAD85E26826C3B00D1FC05 /* Base */ = {isa = PBXFileReference; lastKnownFileType = file.storyboard; name = Base; path = Base.lproj/LaunchScreen.storyboard; sourceTree = "<group>"; };
		47DAD86026826C3B00D1FC05 /* Info.plist */ = {isa = PBXFileReference; lastKnownFileType = text.plist.xml; path = Info.plist; sourceTree = "<group>"; };
		47DAD86F26826CFF00D1FC05 /* MainTabController.swift */ = {isa = PBXFileReference; lastKnownFileType = sourcecode.swift; path = MainTabController.swift; sourceTree = "<group>"; };
		47DAD87226826E3500D1FC05 /* FeedController.swift */ = {isa = PBXFileReference; lastKnownFileType = sourcecode.swift; path = FeedController.swift; sourceTree = "<group>"; };
		47DAD87526826E5400D1FC05 /* ExploreController.swift */ = {isa = PBXFileReference; lastKnownFileType = sourcecode.swift; path = ExploreController.swift; sourceTree = "<group>"; };
		47DAD87826826E5F00D1FC05 /* NotificationsController.swift */ = {isa = PBXFileReference; lastKnownFileType = sourcecode.swift; path = NotificationsController.swift; sourceTree = "<group>"; };
		47DAD87B26826E7200D1FC05 /* ConversationsController.swift */ = {isa = PBXFileReference; lastKnownFileType = sourcecode.swift; path = ConversationsController.swift; sourceTree = "<group>"; };
/* End PBXFileReference section */

/* Begin PBXFrameworksBuildPhase section */
		47DAD84C26826C3A00D1FC05 /* Frameworks */ = {
			isa = PBXFrameworksBuildPhase;
			buildActionMask = 2147483647;
			files = (
			);
			runOnlyForDeploymentPostprocessing = 0;
		};
/* End PBXFrameworksBuildPhase section */

/* Begin PBXGroup section */
		47939AA8268373FB003D701E /* Authentication */ = {
			isa = PBXGroup;
			children = (
				47939AA926837411003D701E /* LoginController.swift */,
				47939AAC268374A7003D701E /* RegistrationController.swift */,
			);
			path = Authentication;
			sourceTree = "<group>";
		};
		47DAD84626826C3A00D1FC05 = {
			isa = PBXGroup;
			children = (
				47DAD85126826C3A00D1FC05 /* TwitterTutorial */,
				47DAD85026826C3A00D1FC05 /* Products */,
			);
			sourceTree = "<group>";
		};
		47DAD85026826C3A00D1FC05 /* Products */ = {
			isa = PBXGroup;
			children = (
				47DAD84F26826C3A00D1FC05 /* TwitterTutorial.app */,
			);
			name = Products;
			sourceTree = "<group>";
		};
		47DAD85126826C3A00D1FC05 /* TwitterTutorial */ = {
			isa = PBXGroup;
			children = (
				47DAD86726826C5800D1FC05 /* Model */,
				47DAD86826826C5F00D1FC05 /* View */,
				47DAD86D26826C9400D1FC05 /* ViewModel */,
				47DAD86C26826C8600D1FC05 /* Controller */,
				47DAD86B26826C7E00D1FC05 /* API */,
				47DAD86A26826C7600D1FC05 /* Utils */,
				47DAD85226826C3A00D1FC05 /* AppDelegate.swift */,
				47DAD85426826C3A00D1FC05 /* SceneDelegate.swift */,
				47DAD85826826C3A00D1FC05 /* Main.storyboard */,
				47DAD85B26826C3B00D1FC05 /* Assets.xcassets */,
				47DAD85D26826C3B00D1FC05 /* LaunchScreen.storyboard */,
				47DAD86026826C3B00D1FC05 /* Info.plist */,
			);
			path = TwitterTutorial;
			sourceTree = "<group>";
		};
		47DAD86726826C5800D1FC05 /* Model */ = {
			isa = PBXGroup;
			children = (
			);
			path = Model;
			sourceTree = "<group>";
		};
		47DAD86826826C5F00D1FC05 /* View */ = {
			isa = PBXGroup;
			children = (
			);
			path = View;
			sourceTree = "<group>";
		};
		47DAD86A26826C7600D1FC05 /* Utils */ = {
			isa = PBXGroup;
			children = (
				47939AA626836937003D701E /* Extensions.swift */,
				47939AAE2684BC07003D701E /* Utilities.swift */,
			);
			path = Utils;
			sourceTree = "<group>";
		};
		47DAD86B26826C7E00D1FC05 /* API */ = {
			isa = PBXGroup;
			children = (
			);
			path = API;
			sourceTree = "<group>";
		};
		47DAD86C26826C8600D1FC05 /* Controller */ = {
			isa = PBXGroup;
			children = (
				47939AA8268373FB003D701E /* Authentication */,
				47DAD86F26826CFF00D1FC05 /* MainTabController.swift */,
				47DAD87226826E3500D1FC05 /* FeedController.swift */,
				47DAD87526826E5400D1FC05 /* ExploreController.swift */,
				47DAD87826826E5F00D1FC05 /* NotificationsController.swift */,
				47DAD87B26826E7200D1FC05 /* ConversationsController.swift */,
			);
			path = Controller;
			sourceTree = "<group>";
		};
		47DAD86D26826C9400D1FC05 /* ViewModel */ = {
			isa = PBXGroup;
			children = (
			);
			path = ViewModel;
			sourceTree = "<group>";
		};
/* End PBXGroup section */

/* Begin PBXNativeTarget section */
		47DAD84E26826C3A00D1FC05 /* TwitterTutorial */ = {
			isa = PBXNativeTarget;
			buildConfigurationList = 47DAD86326826C3B00D1FC05 /* Build configuration list for PBXNativeTarget "TwitterTutorial" */;
			buildPhases = (
				47DAD84B26826C3A00D1FC05 /* Sources */,
				47DAD84C26826C3A00D1FC05 /* Frameworks */,
				47DAD84D26826C3A00D1FC05 /* Resources */,
			);
			buildRules = (
			);
			dependencies = (
			);
			name = TwitterTutorial;
			productName = TwitterTutorial;
			productReference = 47DAD84F26826C3A00D1FC05 /* TwitterTutorial.app */;
			productType = "com.apple.product-type.application";
		};
/* End PBXNativeTarget section */

/* Begin PBXProject section */
		47DAD84726826C3A00D1FC05 /* Project object */ = {
			isa = PBXProject;
			attributes = {
				LastSwiftUpdateCheck = 1240;
				LastUpgradeCheck = 1240;
				TargetAttributes = {
					47DAD84E26826C3A00D1FC05 = {
						CreatedOnToolsVersion = 12.4;
					};
				};
			};
			buildConfigurationList = 47DAD84A26826C3A00D1FC05 /* Build configuration list for PBXProject "TwitterTutorial" */;
			compatibilityVersion = "Xcode 9.3";
			developmentRegion = en;
			hasScannedForEncodings = 0;
			knownRegions = (
				en,
				Base,
			);
			mainGroup = 47DAD84626826C3A00D1FC05;
			productRefGroup = 47DAD85026826C3A00D1FC05 /* Products */;
			projectDirPath = "";
			projectRoot = "";
			targets = (
				47DAD84E26826C3A00D1FC05 /* TwitterTutorial */,
			);
		};
/* End PBXProject section */

/* Begin PBXResourcesBuildPhase section */
		47DAD84D26826C3A00D1FC05 /* Resources */ = {
			isa = PBXResourcesBuildPhase;
			buildActionMask = 2147483647;
			files = (
				47DAD85F26826C3B00D1FC05 /* LaunchScreen.storyboard in Resources */,
				47DAD85C26826C3B00D1FC05 /* Assets.xcassets in Resources */,
				47DAD85A26826C3A00D1FC05 /* Main.storyboard in Resources */,
			);
			runOnlyForDeploymentPostprocessing = 0;
		};
/* End PBXResourcesBuildPhase section */

/* Begin PBXSourcesBuildPhase section */
		47DAD84B26826C3A00D1FC05 /* Sources */ = {
			isa = PBXSourcesBuildPhase;
			buildActionMask = 2147483647;
			files = (
				47DAD85326826C3A00D1FC05 /* AppDelegate.swift in Sources */,
				47DAD87C26826E7200D1FC05 /* ConversationsController.swift in Sources */,
				47939AAF2684BC07003D701E /* Utilities.swift in Sources */,
				47DAD87326826E3500D1FC05 /* FeedController.swift in Sources */,
				47939AA726836937003D701E /* Extensions.swift in Sources */,
				47939AAA26837411003D701E /* LoginController.swift in Sources */,
				47DAD87026826CFF00D1FC05 /* MainTabController.swift in Sources */,
				47DAD87926826E5F00D1FC05 /* NotificationsController.swift in Sources */,
				47DAD85526826C3A00D1FC05 /* SceneDelegate.swift in Sources */,
				47939AAD268374A8003D701E /* RegistrationController.swift in Sources */,
				47DAD87626826E5400D1FC05 /* ExploreController.swift in Sources */,
			);
			runOnlyForDeploymentPostprocessing = 0;
		};
/* End PBXSourcesBuildPhase section */

/* Begin PBXVariantGroup section */
		47DAD85826826C3A00D1FC05 /* Main.storyboard */ = {
			isa = PBXVariantGroup;
			children = (
				47DAD85926826C3A00D1FC05 /* Base */,
			);
			name = Main.storyboard;
			sourceTree = "<group>";
		};
		47DAD85D26826C3B00D1FC05 /* LaunchScreen.storyboard */ = {
			isa = PBXVariantGroup;
			children = (
				47DAD85E26826C3B00D1FC05 /* Base */,
			);
			name = LaunchScreen.storyboard;
			sourceTree = "<group>";
		};
/* End PBXVariantGroup section */

/* Begin XCBuildConfiguration section */
		47DAD86126826C3B00D1FC05 /* Debug */ = {
			isa = XCBuildConfiguration;
			buildSettings = {
				ALWAYS_SEARCH_USER_PATHS = NO;
				CLANG_ANALYZER_NONNULL = YES;
				CLANG_ANALYZER_NUMBER_OBJECT_CONVERSION = YES_AGGRESSIVE;
				CLANG_CXX_LANGUAGE_STANDARD = "gnu++14";
				CLANG_CXX_LIBRARY = "libc++";
				CLANG_ENABLE_MODULES = YES;
				CLANG_ENABLE_OBJC_ARC = YES;
				CLANG_ENABLE_OBJC_WEAK = YES;
				CLANG_WARN_BLOCK_CAPTURE_AUTORELEASING = YES;
				CLANG_WARN_BOOL_CONVERSION = YES;
				CLANG_WARN_COMMA = YES;
				CLANG_WARN_CONSTANT_CONVERSION = YES;
				CLANG_WARN_DEPRECATED_OBJC_IMPLEMENTATIONS = YES;
				CLANG_WARN_DIRECT_OBJC_ISA_USAGE = YES_ERROR;
				CLANG_WARN_DOCUMENTATION_COMMENTS = YES;
				CLANG_WARN_EMPTY_BODY = YES;
				CLANG_WARN_ENUM_CONVERSION = YES;
				CLANG_WARN_INFINITE_RECURSION = YES;
				CLANG_WARN_INT_CONVERSION = YES;
				CLANG_WARN_NON_LITERAL_NULL_CONVERSION = YES;
				CLANG_WARN_OBJC_IMPLICIT_RETAIN_SELF = YES;
				CLANG_WARN_OBJC_LITERAL_CONVERSION = YES;
				CLANG_WARN_OBJC_ROOT_CLASS = YES_ERROR;
				CLANG_WARN_QUOTED_INCLUDE_IN_FRAMEWORK_HEADER = YES;
				CLANG_WARN_RANGE_LOOP_ANALYSIS = YES;
				CLANG_WARN_STRICT_PROTOTYPES = YES;
				CLANG_WARN_SUSPICIOUS_MOVE = YES;
				CLANG_WARN_UNGUARDED_AVAILABILITY = YES_AGGRESSIVE;
				CLANG_WARN_UNREACHABLE_CODE = YES;
				CLANG_WARN__DUPLICATE_METHOD_MATCH = YES;
				COPY_PHASE_STRIP = NO;
				DEBUG_INFORMATION_FORMAT = dwarf;
				ENABLE_STRICT_OBJC_MSGSEND = YES;
				ENABLE_TESTABILITY = YES;
				GCC_C_LANGUAGE_STANDARD = gnu11;
				GCC_DYNAMIC_NO_PIC = NO;
				GCC_NO_COMMON_BLOCKS = YES;
				GCC_OPTIMIZATION_LEVEL = 0;
				GCC_PREPROCESSOR_DEFINITIONS = (
					"DEBUG=1",
					"$(inherited)",
				);
				GCC_WARN_64_TO_32_BIT_CONVERSION = YES;
				GCC_WARN_ABOUT_RETURN_TYPE = YES_ERROR;
				GCC_WARN_UNDECLARED_SELECTOR = YES;
				GCC_WARN_UNINITIALIZED_AUTOS = YES_AGGRESSIVE;
				GCC_WARN_UNUSED_FUNCTION = YES;
				GCC_WARN_UNUSED_VARIABLE = YES;
				IPHONEOS_DEPLOYMENT_TARGET = 14.4;
				MTL_ENABLE_DEBUG_INFO = INCLUDE_SOURCE;
				MTL_FAST_MATH = YES;
				ONLY_ACTIVE_ARCH = YES;
				SDKROOT = iphoneos;
				SWIFT_ACTIVE_COMPILATION_CONDITIONS = DEBUG;
				SWIFT_OPTIMIZATION_LEVEL = "-Onone";
			};
			name = Debug;
		};
		47DAD86226826C3B00D1FC05 /* Release */ = {
			isa = XCBuildConfiguration;
			buildSettings = {
				ALWAYS_SEARCH_USER_PATHS = NO;
				CLANG_ANALYZER_NONNULL = YES;
				CLANG_ANALYZER_NUMBER_OBJECT_CONVERSION = YES_AGGRESSIVE;
				CLANG_CXX_LANGUAGE_STANDARD = "gnu++14";
				CLANG_CXX_LIBRARY = "libc++";
				CLANG_ENABLE_MODULES = YES;
				CLANG_ENABLE_OBJC_ARC = YES;
				CLANG_ENABLE_OBJC_WEAK = YES;
				CLANG_WARN_BLOCK_CAPTURE_AUTORELEASING = YES;
				CLANG_WARN_BOOL_CONVERSION = YES;
				CLANG_WARN_COMMA = YES;
				CLANG_WARN_CONSTANT_CONVERSION = YES;
				CLANG_WARN_DEPRECATED_OBJC_IMPLEMENTATIONS = YES;
				CLANG_WARN_DIRECT_OBJC_ISA_USAGE = YES_ERROR;
				CLANG_WARN_DOCUMENTATION_COMMENTS = YES;
				CLANG_WARN_EMPTY_BODY = YES;
				CLANG_WARN_ENUM_CONVERSION = YES;
				CLANG_WARN_INFINITE_RECURSION = YES;
				CLANG_WARN_INT_CONVERSION = YES;
				CLANG_WARN_NON_LITERAL_NULL_CONVERSION = YES;
				CLANG_WARN_OBJC_IMPLICIT_RETAIN_SELF = YES;
				CLANG_WARN_OBJC_LITERAL_CONVERSION = YES;
				CLANG_WARN_OBJC_ROOT_CLASS = YES_ERROR;
				CLANG_WARN_QUOTED_INCLUDE_IN_FRAMEWORK_HEADER = YES;
				CLANG_WARN_RANGE_LOOP_ANALYSIS = YES;
				CLANG_WARN_STRICT_PROTOTYPES = YES;
				CLANG_WARN_SUSPICIOUS_MOVE = YES;
				CLANG_WARN_UNGUARDED_AVAILABILITY = YES_AGGRESSIVE;
				CLANG_WARN_UNREACHABLE_CODE = YES;
				CLANG_WARN__DUPLICATE_METHOD_MATCH = YES;
				COPY_PHASE_STRIP = NO;
				DEBUG_INFORMATION_FORMAT = "dwarf-with-dsym";
				ENABLE_NS_ASSERTIONS = NO;
				ENABLE_STRICT_OBJC_MSGSEND = YES;
				GCC_C_LANGUAGE_STANDARD = gnu11;
				GCC_NO_COMMON_BLOCKS = YES;
				GCC_WARN_64_TO_32_BIT_CONVERSION = YES;
				GCC_WARN_ABOUT_RETURN_TYPE = YES_ERROR;
				GCC_WARN_UNDECLARED_SELECTOR = YES;
				GCC_WARN_UNINITIALIZED_AUTOS = YES_AGGRESSIVE;
				GCC_WARN_UNUSED_FUNCTION = YES;
				GCC_WARN_UNUSED_VARIABLE = YES;
				IPHONEOS_DEPLOYMENT_TARGET = 14.4;
				MTL_ENABLE_DEBUG_INFO = NO;
				MTL_FAST_MATH = YES;
				SDKROOT = iphoneos;
				SWIFT_COMPILATION_MODE = wholemodule;
				SWIFT_OPTIMIZATION_LEVEL = "-O";
				VALIDATE_PRODUCT = YES;
			};
			name = Release;
		};
		47DAD86426826C3B00D1FC05 /* Debug */ = {
			isa = XCBuildConfiguration;
			buildSettings = {
				ASSETCATALOG_COMPILER_APPICON_NAME = AppIcon;
				ASSETCATALOG_COMPILER_GLOBAL_ACCENT_COLOR_NAME = AccentColor;
				CODE_SIGN_STYLE = Automatic;
				DEVELOPMENT_TEAM = 8674268245;
				INFOPLIST_FILE = TwitterTutorial/Info.plist;
				LD_RUNPATH_SEARCH_PATHS = (
					"$(inherited)",
					"@executable_path/Frameworks",
				);
				PRODUCT_BUNDLE_IDENTIFIER = mariayelfimova.TwitterTutorial;
				PRODUCT_NAME = "$(TARGET_NAME)";
				SWIFT_VERSION = 5.0;
				TARGETED_DEVICE_FAMILY = "1,2";
			};
			name = Debug;
		};
		47DAD86526826C3B00D1FC05 /* Release */ = {
			isa = XCBuildConfiguration;
			buildSettings = {
				ASSETCATALOG_COMPILER_APPICON_NAME = AppIcon;
				ASSETCATALOG_COMPILER_GLOBAL_ACCENT_COLOR_NAME = AccentColor;
				CODE_SIGN_STYLE = Automatic;
				DEVELOPMENT_TEAM = 8674268245;
				INFOPLIST_FILE = TwitterTutorial/Info.plist;
				LD_RUNPATH_SEARCH_PATHS = (
					"$(inherited)",
					"@executable_path/Frameworks",
				);
				PRODUCT_BUNDLE_IDENTIFIER = mariayelfimova.TwitterTutorial;
				PRODUCT_NAME = "$(TARGET_NAME)";
				SWIFT_VERSION = 5.0;
				TARGETED_DEVICE_FAMILY = "1,2";
			};
			name = Release;
		};
/* End XCBuildConfiguration section */

/* Begin XCConfigurationList section */
		47DAD84A26826C3A00D1FC05 /* Build configuration list for PBXProject "TwitterTutorial" */ = {
			isa = XCConfigurationList;
			buildConfigurations = (
				47DAD86126826C3B00D1FC05 /* Debug */,
				47DAD86226826C3B00D1FC05 /* Release */,
			);
			defaultConfigurationIsVisible = 0;
			defaultConfigurationName = Release;
		};
		47DAD86326826C3B00D1FC05 /* Build configuration list for PBXNativeTarget "TwitterTutorial" */ = {
			isa = XCConfigurationList;
			buildConfigurations = (
				47DAD86426826C3B00D1FC05 /* Debug */,
				47DAD86526826C3B00D1FC05 /* Release */,
			);
			defaultConfigurationIsVisible = 0;
			defaultConfigurationName = Release;
		};
/* End XCConfigurationList section */
	};
	rootObject = 47DAD84726826C3A00D1FC05 /* Project object */;
}
